
Microsoft Visual Studio Solution File, Format Version 12.00
# Visual Studio Version 16
VisualStudioVersion = 16.0.32002.261
MinimumVisualStudioVersion = 10.0.40219.1
Project("{9A19103F-16F7-4668-BE54-9A1E7A4F7556}") = "PatientService", "PatientService\PatientService.csproj", "{53D8AF92-FBF8-439B-8DBE-ADD5761E21AA}"
EndProject
Project("{9A19103F-16F7-4668-BE54-9A1E7A4F7556}") = "DeliveryService", "DeliveryService\DeliveryService.csproj", "{739DFEC1-C742-47E6-BC63-6BABA3673448}"
EndProject
Project("{9A19103F-16F7-4668-BE54-9A1E7A4F7556}") = "RequestService", "RequestService\RequestService.csproj", "{9B758EB4-9C22-46DA-BFEC-B936218BD234}"
EndProject
Project("{9A19103F-16F7-4668-BE54-9A1E7A4F7556}") = "Tests", "Tests\Tests.csproj", "{1E8B2B50-5FF1-4899-A2D3-B8ED93DC4200}"
EndProject
Project("{9A19103F-16F7-4668-BE54-9A1E7A4F7556}") = "Client", "Client\Client.csproj", "{BA828F1F-96C4-4F8A-9AC7-FD15B4B14D48}"
EndProject
Project("{FAE04EC0-301F-11D3-BF4B-00C04F79EFBC}") = "Dashboard", "Dashboard\Dashboard.csproj", "{364B28E7-2B08-46F8-8DD1-43F71D0B0CAB}"
EndProject
Global
	GlobalSection(SolutionConfigurationPlatforms) = preSolution
		Debug|Any CPU = Debug|Any CPU
		Release|Any CPU = Release|Any CPU
	EndGlobalSection
	GlobalSection(ProjectConfigurationPlatforms) = postSolution
		{53D8AF92-FBF8-439B-8DBE-ADD5761E21AA}.Debug|Any CPU.ActiveCfg = Debug|Any CPU
		{53D8AF92-FBF8-439B-8DBE-ADD5761E21AA}.Debug|Any CPU.Build.0 = Debug|Any CPU
		{53D8AF92-FBF8-439B-8DBE-ADD5761E21AA}.Release|Any CPU.ActiveCfg = Release|Any CPU
		{53D8AF92-FBF8-439B-8DBE-ADD5761E21AA}.Release|Any CPU.Build.0 = Release|Any CPU
		{739DFEC1-C742-47E6-BC63-6BABA3673448}.Debug|Any CPU.ActiveCfg = Debug|Any CPU
		{739DFEC1-C742-47E6-BC63-6BABA3673448}.Debug|Any CPU.Build.0 = Debug|Any CPU
		{739DFEC1-C742-47E6-BC63-6BABA3673448}.Release|Any CPU.ActiveCfg = Release|Any CPU
		{739DFEC1-C742-47E6-BC63-6BABA3673448}.Release|Any CPU.Build.0 = Release|Any CPU
		{9B758EB4-9C22-46DA-BFEC-B936218BD234}.Debug|Any CPU.ActiveCfg = Debug|Any CPU
		{9B758EB4-9C22-46DA-BFEC-B936218BD234}.Debug|Any CPU.Build.0 = Debug|Any CPU
		{9B758EB4-9C22-46DA-BFEC-B936218BD234}.Release|Any CPU.ActiveCfg = Release|Any CPU
		{9B758EB4-9C22-46DA-BFEC-B936218BD234}.Release|Any CPU.Build.0 = Release|Any CPU
		{1E8B2B50-5FF1-4899-A2D3-B8ED93DC4200}.Debug|Any CPU.ActiveCfg = Debug|Any CPU
		{1E8B2B50-5FF1-4899-A2D3-B8ED93DC4200}.Debug|Any CPU.Build.0 = Debug|Any CPU
		{1E8B2B50-5FF1-4899-A2D3-B8ED93DC4200}.Release|Any CPU.ActiveCfg = Release|Any CPU
		{1E8B2B50-5FF1-4899-A2D3-B8ED93DC4200}.Release|Any CPU.Build.0 = Release|Any CPU
		{BA828F1F-96C4-4F8A-9AC7-FD15B4B14D48}.Debug|Any CPU.ActiveCfg = Debug|Any CPU
		{BA828F1F-96C4-4F8A-9AC7-FD15B4B14D48}.Debug|Any CPU.Build.0 = Debug|Any CPU
		{BA828F1F-96C4-4F8A-9AC7-FD15B4B14D48}.Release|Any CPU.ActiveCfg = Release|Any CPU
		{BA828F1F-96C4-4F8A-9AC7-FD15B4B14D48}.Release|Any CPU.Build.0 = Release|Any CPU
		{364B28E7-2B08-46F8-8DD1-43F71D0B0CAB}.Debug|Any CPU.ActiveCfg = Debug|Any CPU
		{364B28E7-2B08-46F8-8DD1-43F71D0B0CAB}.Debug|Any CPU.Build.0 = Debug|Any CPU
		{364B28E7-2B08-46F8-8DD1-43F71D0B0CAB}.Release|Any CPU.ActiveCfg = Release|Any CPU
		{364B28E7-2B08-46F8-8DD1-43F71D0B0CAB}.Release|Any CPU.Build.0 = Release|Any CPU
	EndGlobalSection
	GlobalSection(SolutionProperties) = preSolution
		HideSolutionNode = FALSE
	EndGlobalSection
	GlobalSection(ExtensibilityGlobals) = postSolution
		SolutionGuid = {98FDD4D5-FF35-4F1B-8DEA-3F118DF49C00}
	EndGlobalSection
EndGlobal
