
Microsoft Visual Studio Solution File, Format Version 12.00
# Visual Studio Version 16
VisualStudioVersion = 16.0.32002.261
MinimumVisualStudioVersion = 10.0.40219.1
Project("{9A19103F-16F7-4668-BE54-9A1E7A4F7556}") = "PatientService", "PatientService\PatientService.csproj", "{53D8AF92-FBF8-439B-8DBE-ADD5761E21AA}"
EndProject
Project("{FAE04EC0-301F-11D3-BF4B-00C04F79EFBC}") = "DeliveryService", "DeliveryService\DeliveryService.csproj", "{739DFEC1-C742-47E6-BC63-6BABA3673448}"
EndProject
Project("{FAE04EC0-301F-11D3-BF4B-00C04F79EFBC}") = "RequestService", "RequestService\RequestService.csproj", "{9B758EB4-9C22-46DA-BFEC-B936218BD234}"
EndProject
Global
	GlobalSection(SolutionConfigurationPlatforms) = preSolution
		Debug|Any CPU = Debug|Any CPU
		Release|Any CPU = Release|Any CPU
	EndGlobalSection
	GlobalSection(ProjectConfigurationPlatforms) = postSolution
		{53D8AF92-FBF8-439B-8DBE-ADD5761E21AA}.Debug|Any CPU.ActiveCfg = Debug|Any CPU
		{53D8AF92-FBF8-439B-8DBE-ADD5761E21AA}.Debug|Any CPU.Build.0 = Debug|Any CPU
		{53D8AF92-FBF8-439B-8DBE-ADD5761E21AA}.Release|Any CPU.ActiveCfg = Release|Any CPU
		{53D8AF92-FBF8-439B-8DBE-ADD5761E21AA}.Release|Any CPU.Build.0 = Release|Any CPU
		{739DFEC1-C742-47E6-BC63-6BABA3673448}.Debug|Any CPU.ActiveCfg = Debug|Any CPU
		{739DFEC1-C742-47E6-BC63-6BABA3673448}.Debug|Any CPU.Build.0 = Debug|Any CPU
		{739DFEC1-C742-47E6-BC63-6BABA3673448}.Release|Any CPU.ActiveCfg = Release|Any CPU
		{739DFEC1-C742-47E6-BC63-6BABA3673448}.Release|Any CPU.Build.0 = Release|Any CPU
		{9B758EB4-9C22-46DA-BFEC-B936218BD234}.Debug|Any CPU.ActiveCfg = Debug|Any CPU
		{9B758EB4-9C22-46DA-BFEC-B936218BD234}.Debug|Any CPU.Build.0 = Debug|Any CPU
		{9B758EB4-9C22-46DA-BFEC-B936218BD234}.Release|Any CPU.ActiveCfg = Release|Any CPU
		{9B758EB4-9C22-46DA-BFEC-B936218BD234}.Release|Any CPU.Build.0 = Release|Any CPU
	EndGlobalSection
	GlobalSection(SolutionProperties) = preSolution
		HideSolutionNode = FALSE
	EndGlobalSection
	GlobalSection(ExtensibilityGlobals) = postSolution
		SolutionGuid = {98FDD4D5-FF35-4F1B-8DEA-3F118DF49C00}
	EndGlobalSection
EndGlobal
