
Microsoft Visual Studio Solution File, Format Version 12.00
# Visual Studio Version 16
VisualStudioVersion = 16.0.32002.261
MinimumVisualStudioVersion = 10.0.40219.1
Project("{FAE04EC0-301F-11D3-BF4B-00C04F79EFBC}") = "VehicleManager", "VehicleManager\VehicleManager.csproj", "{0BBD7583-5059-4BAA-9BBE-30FCA9240F0F}"
EndProject
Global
	GlobalSection(SolutionConfigurationPlatforms) = preSolution
		Debug|Any CPU = Debug|Any CPU
		Release|Any CPU = Release|Any CPU
	EndGlobalSection
	GlobalSection(ProjectConfigurationPlatforms) = postSolution
		{0BBD7583-5059-4BAA-9BBE-30FCA9240F0F}.Debug|Any CPU.ActiveCfg = Debug|Any CPU
		{0BBD7583-5059-4BAA-9BBE-30FCA9240F0F}.Debug|Any CPU.Build.0 = Debug|Any CPU
		{0BBD7583-5059-4BAA-9BBE-30FCA9240F0F}.Release|Any CPU.ActiveCfg = Release|Any CPU
		{0BBD7583-5059-4BAA-9BBE-30FCA9240F0F}.Release|Any CPU.Build.0 = Release|Any CPU
	EndGlobalSection
	GlobalSection(SolutionProperties) = preSolution
		HideSolutionNode = FALSE
	EndGlobalSection
	GlobalSection(ExtensibilityGlobals) = postSolution
		SolutionGuid = {202B45CA-A4CB-4004-9B7B-69542F29399A}
	EndGlobalSection
EndGlobal
